
Microsoft Visual Studio Solution File, Format Version 12.00
# Visual Studio Version 18
VisualStudioVersion = 18.3.11520.95
MinimumVisualStudioVersion = 10.0.40219.1
Project("{FAE04EC0-301F-11D3-BF4B-00C04F79EFBC}") = "SmartHomeDashboard", "SmartHomeDashboard.csproj", "{47B77465-5B67-07A7-7E71-F83FF1FCDB04}"
EndProject
Global
	GlobalSection(SolutionConfigurationPlatforms) = preSolution
		Debug|Any CPU = Debug|Any CPU
		Release|Any CPU = Release|Any CPU
	EndGlobalSection
	GlobalSection(ProjectConfigurationPlatforms) = postSolution
		{47B77465-5B67-07A7-7E71-F83FF1FCDB04}.Debug|Any CPU.ActiveCfg = Debug|Any CPU
		{47B77465-5B67-07A7-7E71-F83FF1FCDB04}.Debug|Any CPU.Build.0 = Debug|Any CPU
		{47B77465-5B67-07A7-7E71-F83FF1FCDB04}.Release|Any CPU.ActiveCfg = Release|Any CPU
		{47B77465-5B67-07A7-7E71-F83FF1FCDB04}.Release|Any CPU.Build.0 = Release|Any CPU
	EndGlobalSection
	GlobalSection(SolutionProperties) = preSolution
		HideSolutionNode = FALSE
	EndGlobalSection
	GlobalSection(ExtensibilityGlobals) = postSolution
		SolutionGuid = {7F06691F-034D-4F08-9186-6DAAB07EA544}
	EndGlobalSection
EndGlobal
